
Microsoft Visual Studio Solution File, Format Version 12.00
# Visual Studio 2013
VisualStudioVersion = 12.0.40629.0
MinimumVisualStudioVersion = 10.0.40219.1
Project("{FAE04EC0-301F-11D3-BF4B-00C04F79EFBC}") = "GigyaProfileStudy", "GigyaProfileStudy\GigyaProfileStudy.csproj", "{F19DA492-F1F3-4856-B045-3397DF7C5B6B}"
EndProject
Global
	GlobalSection(SolutionConfigurationPlatforms) = preSolution
		Debug|Any CPU = Debug|Any CPU
		Release|Any CPU = Release|Any CPU
	EndGlobalSection
	GlobalSection(ProjectConfigurationPlatforms) = postSolution
		{F19DA492-F1F3-4856-B045-3397DF7C5B6B}.Debug|Any CPU.ActiveCfg = Debug|Any CPU
		{F19DA492-F1F3-4856-B045-3397DF7C5B6B}.Debug|Any CPU.Build.0 = Debug|Any CPU
		{F19DA492-F1F3-4856-B045-3397DF7C5B6B}.Release|Any CPU.ActiveCfg = Release|Any CPU
		{F19DA492-F1F3-4856-B045-3397DF7C5B6B}.Release|Any CPU.Build.0 = Release|Any CPU
	EndGlobalSection
	GlobalSection(SolutionProperties) = preSolution
		HideSolutionNode = FALSE
	EndGlobalSection
EndGlobal
